// !$*UTF8*$!
{
	archiveVersion = 1;
	classes = {
	};
	objectVersion = 50;
	objects = {

/* Begin PBXBuildFile section */
		11D3894B259FA37B00F5693C /* AppDelegate.swift in Sources */ = {isa = PBXBuildFile; fileRef = 11D3894A259FA37B00F5693C /* AppDelegate.swift */; };
		11D3894D259FA37B00F5693C /* SceneDelegate.swift in Sources */ = {isa = PBXBuildFile; fileRef = 11D3894C259FA37B00F5693C /* SceneDelegate.swift */; };
		11D3894F259FA37B00F5693C /* ViewController.swift in Sources */ = {isa = PBXBuildFile; fileRef = 11D3894E259FA37B00F5693C /* ViewController.swift */; };
		11D38952259FA37B00F5693C /* Main.storyboard in Resources */ = {isa = PBXBuildFile; fileRef = 11D38950259FA37B00F5693C /* Main.storyboard */; };
		11D38954259FA37D00F5693C /* Assets.xcassets in Resources */ = {isa = PBXBuildFile; fileRef = 11D38953259FA37D00F5693C /* Assets.xcassets */; };
		11D38957259FA37D00F5693C /* LaunchScreen.storyboard in Resources */ = {isa = PBXBuildFile; fileRef = 11D38955259FA37D00F5693C /* LaunchScreen.storyboard */; };
/* End PBXBuildFile section */

/* Begin PBXFileReference section */
		11D38947259FA37B00F5693C /* FramesAndBounds.app */ = {isa = PBXFileReference; explicitFileType = wrapper.application; includeInIndex = 0; path = FramesAndBounds.app; sourceTree = BUILT_PRODUCTS_DIR; };
		11D3894A259FA37B00F5693C /* AppDelegate.swift */ = {isa = PBXFileReference; lastKnownFileType = sourcecode.swift; path = AppDelegate.swift; sourceTree = "<group>"; };
		11D3894C259FA37B00F5693C /* SceneDelegate.swift */ = {isa = PBXFileReference; lastKnownFileType = sourcecode.swift; path = SceneDelegate.swift; sourceTree = "<group>"; };
		11D3894E259FA37B00F5693C /* ViewController.swift */ = {isa = PBXFileReference; lastKnownFileType = sourcecode.swift; path = ViewController.swift; sourceTree = "<group>"; };
		11D38951259FA37B00F5693C /* Base */ = {isa = PBXFileReference; lastKnownFileType = file.storyboard; name = Base; path = Base.lproj/Main.storyboard; sourceTree = "<group>"; };
		11D38953259FA37D00F5693C /* Assets.xcassets */ = {isa = PBXFileReference; lastKnownFileType = folder.assetcatalog; path = Assets.xcassets; sourceTree = "<group>"; };
		11D38956259FA37D00F5693C /* Base */ = {isa = PBXFileReference; lastKnownFileType = file.storyboard; name = Base; path = Base.lproj/LaunchScreen.storyboard; sourceTree = "<group>"; };
		11D38958259FA37D00F5693C /* Info.plist */ = {isa = PBXFileReference; lastKnownFileType = text.plist.xml; path = Info.plist; sourceTree = "<group>"; };
/* End PBXFileReference section */

/* Begin PBXFrameworksBuildPhase section */
		11D38944259FA37B00F5693C /* Frameworks */ = {
			isa = PBXFrameworksBuildPhase;
			buildActionMask = 2147483647;
			files = (
			);
			runOnlyForDeploymentPostprocessing = 0;
		};
/* End PBXFrameworksBuildPhase section */

/* Begin PBXGroup section */
		11D3893E259FA37B00F5693C = {
			isa = PBXGroup;
			children = (
				11D38949259FA37B00F5693C /* FramesAndBounds */,
				11D38948259FA37B00F5693C /* Products */,
			);
			sourceTree = "<group>";
		};
		11D38948259FA37B00F5693C /* Products */ = {
			isa = PBXGroup;
			children = (
				11D38947259FA37B00F5693C /* FramesAndBounds.app */,
			);
			name = Products;
			sourceTree = "<group>";
		};
		11D38949259FA37B00F5693C /* FramesAndBounds */ = {
			isa = PBXGroup;
			children = (
				11D3894A259FA37B00F5693C /* AppDelegate.swift */,
				11D3894C259FA37B00F5693C /* SceneDelegate.swift */,
				11D3894E259FA37B00F5693C /* ViewController.swift */,
				11D38950259FA37B00F5693C /* Main.storyboard */,
				11D38953259FA37D00F5693C /* Assets.xcassets */,
				11D38955259FA37D00F5693C /* LaunchScreen.storyboard */,
				11D38958259FA37D00F5693C /* Info.plist */,
			);
			path = FramesAndBounds;
			sourceTree = "<group>";
		};
/* End PBXGroup section */

/* Begin PBXNativeTarget section */
		11D38946259FA37B00F5693C /* FramesAndBounds */ = {
			isa = PBXNativeTarget;
			buildConfigurationList = 11D3895B259FA37D00F5693C /* Build configuration list for PBXNativeTarget "FramesAndBounds" */;
			buildPhases = (
				11D38943259FA37B00F5693C /* Sources */,
				11D38944259FA37B00F5693C /* Frameworks */,
				11D38945259FA37B00F5693C /* Resources */,
			);
			buildRules = (
			);
			dependencies = (
			);
			name = FramesAndBounds;
			productName = FramesAndBounds;
			productReference = 11D38947259FA37B00F5693C /* FramesAndBounds.app */;
			productType = "com.apple.product-type.application";
		};
/* End PBXNativeTarget section */

/* Begin PBXProject section */
		11D3893F259FA37B00F5693C /* Project object */ = {
			isa = PBXProject;
			attributes = {
				LastSwiftUpdateCheck = 1170;
				LastUpgradeCheck = 1170;
				ORGANIZATIONNAME = Vyacheslav;
				TargetAttributes = {
					11D38946259FA37B00F5693C = {
						CreatedOnToolsVersion = 11.7;
					};
				};
			};
			buildConfigurationList = 11D38942259FA37B00F5693C /* Build configuration list for PBXProject "FramesAndBounds" */;
			compatibilityVersion = "Xcode 9.3";
			developmentRegion = en;
			hasScannedForEncodings = 0;
			knownRegions = (
				en,
				Base,
			);
			mainGroup = 11D3893E259FA37B00F5693C;
			productRefGroup = 11D38948259FA37B00F5693C /* Products */;
			projectDirPath = "";
			projectRoot = "";
			targets = (
				11D38946259FA37B00F5693C /* FramesAndBounds */,
			);
		};
/* End PBXProject section */

/* Begin PBXResourcesBuildPhase section */
		11D38945259FA37B00F5693C /* Resources */ = {
			isa = PBXResourcesBuildPhase;
			buildActionMask = 2147483647;
			files = (
				11D38957259FA37D00F5693C /* LaunchScreen.storyboard in Resources */,
				11D38954259FA37D00F5693C /* Assets.xcassets in Resources */,
				11D38952259FA37B00F5693C /* Main.storyboard in Resources */,
			);
			runOnlyForDeploymentPostprocessing = 0;
		};
/* End PBXResourcesBuildPhase section */

/* Begin PBXSourcesBuildPhase section */
		11D38943259FA37B00F5693C /* Sources */ = {
			isa = PBXSourcesBuildPhase;
			buildActionMask = 2147483647;
			files = (
				11D3894F259FA37B00F5693C /* ViewController.swift in Sources */,
				11D3894B259FA37B00F5693C /* AppDelegate.swift in Sources */,
				11D3894D259FA37B00F5693C /* SceneDelegate.swift in Sources */,
			);
			runOnlyForDeploymentPostprocessing = 0;
		};
/* End PBXSourcesBuildPhase section */

/* Begin PBXVariantGroup section */
		11D38950259FA37B00F5693C /* Main.storyboard */ = {
			isa = PBXVariantGroup;
			children = (
				11D38951259FA37B00F5693C /* Base */,
			);
			name = Main.storyboard;
			sourceTree = "<group>";
		};
		11D38955259FA37D00F5693C /* LaunchScreen.storyboard */ = {
			isa = PBXVariantGroup;
			children = (
				11D38956259FA37D00F5693C /* Base */,
			);
			name = LaunchScreen.storyboard;
			sourceTree = "<group>";
		};
/* End PBXVariantGroup section */

/* Begin XCBuildConfiguration section */
		11D38959259FA37D00F5693C /* Debug */ = {
			isa = XCBuildConfiguration;
			buildSettings = {
				ALWAYS_SEARCH_USER_PATHS = NO;
				CLANG_ANALYZER_NONNULL = YES;
				CLANG_ANALYZER_NUMBER_OBJECT_CONVERSION = YES_AGGRESSIVE;
				CLANG_CXX_LANGUAGE_STANDARD = "gnu++14";
				CLANG_CXX_LIBRARY = "libc++";
				CLANG_ENABLE_MODULES = YES;
				CLANG_ENABLE_OBJC_ARC = YES;
				CLANG_ENABLE_OBJC_WEAK = YES;
				CLANG_WARN_BLOCK_CAPTURE_AUTORELEASING = YES;
				CLANG_WARN_BOOL_CONVERSION = YES;
				CLANG_WARN_COMMA = YES;
				CLANG_WARN_CONSTANT_CONVERSION = YES;
				CLANG_WARN_DEPRECATED_OBJC_IMPLEMENTATIONS = YES;
				CLANG_WARN_DIRECT_OBJC_ISA_USAGE = YES_ERROR;
				CLANG_WARN_DOCUMENTATION_COMMENTS = YES;
				CLANG_WARN_EMPTY_BODY = YES;
				CLANG_WARN_ENUM_CONVERSION = YES;
				CLANG_WARN_INFINITE_RECURSION = YES;
				CLANG_WARN_INT_CONVERSION = YES;
				CLANG_WARN_NON_LITERAL_NULL_CONVERSION = YES;
				CLANG_WARN_OBJC_IMPLICIT_RETAIN_SELF = YES;
				CLANG_WARN_OBJC_LITERAL_CONVERSION = YES;
				CLANG_WARN_OBJC_ROOT_CLASS = YES_ERROR;
				CLANG_WARN_RANGE_LOOP_ANALYSIS = YES;
				CLANG_WARN_STRICT_PROTOTYPES = YES;
				CLANG_WARN_SUSPICIOUS_MOVE = YES;
				CLANG_WARN_UNGUARDED_AVAILABILITY = YES_AGGRESSIVE;
				CLANG_WARN_UNREACHABLE_CODE = YES;
				CLANG_WARN__DUPLICATE_METHOD_MATCH = YES;
				COPY_PHASE_STRIP = NO;
				DEBUG_INFORMATION_FORMAT = dwarf;
				ENABLE_STRICT_OBJC_MSGSEND = YES;
				ENABLE_TESTABILITY = YES;
				GCC_C_LANGUAGE_STANDARD = gnu11;
				GCC_DYNAMIC_NO_PIC = NO;
				GCC_NO_COMMON_BLOCKS = YES;
				GCC_OPTIMIZATION_LEVEL = 0;
				GCC_PREPROCESSOR_DEFINITIONS = (
					"DEBUG=1",
					"$(inherited)",
				);
				GCC_WARN_64_TO_32_BIT_CONVERSION = YES;
				GCC_WARN_ABOUT_RETURN_TYPE = YES_ERROR;
				GCC_WARN_UNDECLARED_SELECTOR = YES;
				GCC_WARN_UNINITIALIZED_AUTOS = YES_AGGRESSIVE;
				GCC_WARN_UNUSED_FUNCTION = YES;
				GCC_WARN_UNUSED_VARIABLE = YES;
				IPHONEOS_DEPLOYMENT_TARGET = 13.7;
				MTL_ENABLE_DEBUG_INFO = INCLUDE_SOURCE;
				MTL_FAST_MATH = YES;
				ONLY_ACTIVE_ARCH = YES;
				SDKROOT = iphoneos;
				SWIFT_ACTIVE_COMPILATION_CONDITIONS = DEBUG;
				SWIFT_OPTIMIZATION_LEVEL = "-Onone";
			};
			name = Debug;
		};
		11D3895A259FA37D00F5693C /* Release */ = {
			isa = XCBuildConfiguration;
			buildSettings = {
				ALWAYS_SEARCH_USER_PATHS = NO;
				CLANG_ANALYZER_NONNULL = YES;
				CLANG_ANALYZER_NUMBER_OBJECT_CONVERSION = YES_AGGRESSIVE;
				CLANG_CXX_LANGUAGE_STANDARD = "gnu++14";
				CLANG_CXX_LIBRARY = "libc++";
				CLANG_ENABLE_MODULES = YES;
				CLANG_ENABLE_OBJC_ARC = YES;
				CLANG_ENABLE_OBJC_WEAK = YES;
				CLANG_WARN_BLOCK_CAPTURE_AUTORELEASING = YES;
				CLANG_WARN_BOOL_CONVERSION = YES;
				CLANG_WARN_COMMA = YES;
				CLANG_WARN_CONSTANT_CONVERSION = YES;
				CLANG_WARN_DEPRECATED_OBJC_IMPLEMENTATIONS = YES;
				CLANG_WARN_DIRECT_OBJC_ISA_USAGE = YES_ERROR;
				CLANG_WARN_DOCUMENTATION_COMMENTS = YES;
				CLANG_WARN_EMPTY_BODY = YES;
				CLANG_WARN_ENUM_CONVERSION = YES;
				CLANG_WARN_INFINITE_RECURSION = YES;
				CLANG_WARN_INT_CONVERSION = YES;
				CLANG_WARN_NON_LITERAL_NULL_CONVERSION = YES;
				CLANG_WARN_OBJC_IMPLICIT_RETAIN_SELF = YES;
				CLANG_WARN_OBJC_LITERAL_CONVERSION = YES;
				CLANG_WARN_OBJC_ROOT_CLASS = YES_ERROR;
				CLANG_WARN_RANGE_LOOP_ANALYSIS = YES;
				CLANG_WARN_STRICT_PROTOTYPES = YES;
				CLANG_WARN_SUSPICIOUS_MOVE = YES;
				CLANG_WARN_UNGUARDED_AVAILABILITY = YES_AGGRESSIVE;
				CLANG_WARN_UNREACHABLE_CODE = YES;
				CLANG_WARN__DUPLICATE_METHOD_MATCH = YES;
				COPY_PHASE_STRIP = NO;
				DEBUG_INFORMATION_FORMAT = "dwarf-with-dsym";
				ENABLE_NS_ASSERTIONS = NO;
				ENABLE_STRICT_OBJC_MSGSEND = YES;
				GCC_C_LANGUAGE_STANDARD = gnu11;
				GCC_NO_COMMON_BLOCKS = YES;
				GCC_WARN_64_TO_32_BIT_CONVERSION = YES;
				GCC_WARN_ABOUT_RETURN_TYPE = YES_ERROR;
				GCC_WARN_UNDECLARED_SELECTOR = YES;
				GCC_WARN_UNINITIALIZED_AUTOS = YES_AGGRESSIVE;
				GCC_WARN_UNUSED_FUNCTION = YES;
				GCC_WARN_UNUSED_VARIABLE = YES;
				IPHONEOS_DEPLOYMENT_TARGET = 13.7;
				MTL_ENABLE_DEBUG_INFO = NO;
				MTL_FAST_MATH = YES;
				SDKROOT = iphoneos;
				SWIFT_COMPILATION_MODE = wholemodule;
				SWIFT_OPTIMIZATION_LEVEL = "-O";
				VALIDATE_PRODUCT = YES;
			};
			name = Release;
		};
		11D3895C259FA37D00F5693C /* Debug */ = {
			isa = XCBuildConfiguration;
			buildSettings = {
				ASSETCATALOG_COMPILER_APPICON_NAME = AppIcon;
				CODE_SIGN_STYLE = Automatic;
				DEVELOPMENT_TEAM = UJZYX3522H;
				INFOPLIST_FILE = FramesAndBounds/Info.plist;
				LD_RUNPATH_SEARCH_PATHS = (
					"$(inherited)",
					"@executable_path/Frameworks",
				);
				PRODUCT_BUNDLE_IDENTIFIER = Vyacheslav.FramesAndBounds;
				PRODUCT_NAME = "$(TARGET_NAME)";
				SWIFT_VERSION = 5.0;
				TARGETED_DEVICE_FAMILY = "1,2";
			};
			name = Debug;
		};
		11D3895D259FA37D00F5693C /* Release */ = {
			isa = XCBuildConfiguration;
			buildSettings = {
				ASSETCATALOG_COMPILER_APPICON_NAME = AppIcon;
				CODE_SIGN_STYLE = Automatic;
				DEVELOPMENT_TEAM = UJZYX3522H;
				INFOPLIST_FILE = FramesAndBounds/Info.plist;
				LD_RUNPATH_SEARCH_PATHS = (
					"$(inherited)",
					"@executable_path/Frameworks",
				);
				PRODUCT_BUNDLE_IDENTIFIER = Vyacheslav.FramesAndBounds;
				PRODUCT_NAME = "$(TARGET_NAME)";
				SWIFT_VERSION = 5.0;
				TARGETED_DEVICE_FAMILY = "1,2";
			};
			name = Release;
		};
/* End XCBuildConfiguration section */

/* Begin XCConfigurationList section */
		11D38942259FA37B00F5693C /* Build configuration list for PBXProject "FramesAndBounds" */ = {
			isa = XCConfigurationList;
			buildConfigurations = (
				11D38959259FA37D00F5693C /* Debug */,
				11D3895A259FA37D00F5693C /* Release */,
			);
			defaultConfigurationIsVisible = 0;
			defaultConfigurationName = Release;
		};
		11D3895B259FA37D00F5693C /* Build configuration list for PBXNativeTarget "FramesAndBounds" */ = {
			isa = XCConfigurationList;
			buildConfigurations = (
				11D3895C259FA37D00F5693C /* Debug */,
				11D3895D259FA37D00F5693C /* Release */,
			);
			defaultConfigurationIsVisible = 0;
			defaultConfigurationName = Release;
		};
/* End XCConfigurationList section */
	};
	rootObject = 11D3893F259FA37B00F5693C /* Project object */;
}
